
Microsoft Visual Studio Solution File, Format Version 12.00
# Visual Studio Version 16
VisualStudioVersion = 16.0.34031.81
MinimumVisualStudioVersion = 10.0.40219.1
Project("{FAE04EC0-301F-11D3-BF4B-00C04F79EFBC}") = "Student Manaegement System", "Student Manaegement System\Student Manaegement System.csproj", "{294E7D1A-1C14-45B3-B509-212D0B2FAAD8}"
EndProject
Global
	GlobalSection(SolutionConfigurationPlatforms) = preSolution
		Debug|Any CPU = Debug|Any CPU
		Release|Any CPU = Release|Any CPU
	EndGlobalSection
	GlobalSection(ProjectConfigurationPlatforms) = postSolution
		{294E7D1A-1C14-45B3-B509-212D0B2FAAD8}.Debug|Any CPU.ActiveCfg = Debug|Any CPU
		{294E7D1A-1C14-45B3-B509-212D0B2FAAD8}.Debug|Any CPU.Build.0 = Debug|Any CPU
		{294E7D1A-1C14-45B3-B509-212D0B2FAAD8}.Release|Any CPU.ActiveCfg = Release|Any CPU
		{294E7D1A-1C14-45B3-B509-212D0B2FAAD8}.Release|Any CPU.Build.0 = Release|Any CPU
	EndGlobalSection
	GlobalSection(SolutionProperties) = preSolution
		HideSolutionNode = FALSE
	EndGlobalSection
	GlobalSection(ExtensibilityGlobals) = postSolution
		SolutionGuid = {CF82510B-03AF-4FF8-B190-14AC53E9BBF8}
	EndGlobalSection
EndGlobal
